// !$*UTF8*$!
{
	archiveVersion = 1;
	classes = {
	};
	objectVersion = 46;
	objects = {

/* Begin PBXBuildFile section */
		BD441783213F328C00F6DF90 /* AppDelegate.swift in Sources */ = {isa = PBXBuildFile; fileRef = BD441782213F328C00F6DF90 /* AppDelegate.swift */; };
		BD441785213F328C00F6DF90 /* ViewController.swift in Sources */ = {isa = PBXBuildFile; fileRef = BD441784213F328C00F6DF90 /* ViewController.swift */; };
		BD441788213F328C00F6DF90 /* Main.storyboard in Resources */ = {isa = PBXBuildFile; fileRef = BD441786213F328C00F6DF90 /* Main.storyboard */; };
		BD44178A213F328C00F6DF90 /* Assets.xcassets in Resources */ = {isa = PBXBuildFile; fileRef = BD441789213F328C00F6DF90 /* Assets.xcassets */; };
		BD44178D213F328C00F6DF90 /* LaunchScreen.storyboard in Resources */ = {isa = PBXBuildFile; fileRef = BD44178B213F328C00F6DF90 /* LaunchScreen.storyboard */; };
		BD441798213F328C00F6DF90 /* Tip_CalculatorTests.swift in Sources */ = {isa = PBXBuildFile; fileRef = BD441797213F328C00F6DF90 /* Tip_CalculatorTests.swift */; };
		BD4417A3213F328C00F6DF90 /* Tip_CalculatorUITests.swift in Sources */ = {isa = PBXBuildFile; fileRef = BD4417A2213F328C00F6DF90 /* Tip_CalculatorUITests.swift */; };
/* End PBXBuildFile section */

/* Begin PBXContainerItemProxy section */
		BD441794213F328C00F6DF90 /* PBXContainerItemProxy */ = {
			isa = PBXContainerItemProxy;
			containerPortal = BD441777213F328C00F6DF90 /* Project object */;
			proxyType = 1;
			remoteGlobalIDString = BD44177E213F328C00F6DF90;
			remoteInfo = "Tip Calculator";
		};
		BD44179F213F328C00F6DF90 /* PBXContainerItemProxy */ = {
			isa = PBXContainerItemProxy;
			containerPortal = BD441777213F328C00F6DF90 /* Project object */;
			proxyType = 1;
			remoteGlobalIDString = BD44177E213F328C00F6DF90;
			remoteInfo = "Tip Calculator";
		};
/* End PBXContainerItemProxy section */

/* Begin PBXFileReference section */
		BD44177F213F328C00F6DF90 /* Tip Calculator.app */ = {isa = PBXFileReference; explicitFileType = wrapper.application; includeInIndex = 0; path = "Tip Calculator.app"; sourceTree = BUILT_PRODUCTS_DIR; };
		BD441782213F328C00F6DF90 /* AppDelegate.swift */ = {isa = PBXFileReference; lastKnownFileType = sourcecode.swift; path = AppDelegate.swift; sourceTree = "<group>"; };
		BD441784213F328C00F6DF90 /* ViewController.swift */ = {isa = PBXFileReference; lastKnownFileType = sourcecode.swift; path = ViewController.swift; sourceTree = "<group>"; };
		BD441787213F328C00F6DF90 /* Base */ = {isa = PBXFileReference; lastKnownFileType = file.storyboard; name = Base; path = Base.lproj/Main.storyboard; sourceTree = "<group>"; };
		BD441789213F328C00F6DF90 /* Assets.xcassets */ = {isa = PBXFileReference; lastKnownFileType = folder.assetcatalog; path = Assets.xcassets; sourceTree = "<group>"; };
		BD44178C213F328C00F6DF90 /* Base */ = {isa = PBXFileReference; lastKnownFileType = file.storyboard; name = Base; path = Base.lproj/LaunchScreen.storyboard; sourceTree = "<group>"; };
		BD44178E213F328C00F6DF90 /* Info.plist */ = {isa = PBXFileReference; lastKnownFileType = text.plist.xml; path = Info.plist; sourceTree = "<group>"; };
		BD441793213F328C00F6DF90 /* Tip CalculatorTests.xctest */ = {isa = PBXFileReference; explicitFileType = wrapper.cfbundle; includeInIndex = 0; path = "Tip CalculatorTests.xctest"; sourceTree = BUILT_PRODUCTS_DIR; };
		BD441797213F328C00F6DF90 /* Tip_CalculatorTests.swift */ = {isa = PBXFileReference; lastKnownFileType = sourcecode.swift; path = Tip_CalculatorTests.swift; sourceTree = "<group>"; };
		BD441799213F328C00F6DF90 /* Info.plist */ = {isa = PBXFileReference; lastKnownFileType = text.plist.xml; path = Info.plist; sourceTree = "<group>"; };
		BD44179E213F328C00F6DF90 /* Tip CalculatorUITests.xctest */ = {isa = PBXFileReference; explicitFileType = wrapper.cfbundle; includeInIndex = 0; path = "Tip CalculatorUITests.xctest"; sourceTree = BUILT_PRODUCTS_DIR; };
		BD4417A2213F328C00F6DF90 /* Tip_CalculatorUITests.swift */ = {isa = PBXFileReference; lastKnownFileType = sourcecode.swift; path = Tip_CalculatorUITests.swift; sourceTree = "<group>"; };
		BD4417A4213F328C00F6DF90 /* Info.plist */ = {isa = PBXFileReference; lastKnownFileType = text.plist.xml; path = Info.plist; sourceTree = "<group>"; };
/* End PBXFileReference section */

/* Begin PBXFrameworksBuildPhase section */
		BD44177C213F328C00F6DF90 /* Frameworks */ = {
			isa = PBXFrameworksBuildPhase;
			buildActionMask = 2147483647;
			files = (
			);
			runOnlyForDeploymentPostprocessing = 0;
		};
		BD441790213F328C00F6DF90 /* Frameworks */ = {
			isa = PBXFrameworksBuildPhase;
			buildActionMask = 2147483647;
			files = (
			);
			runOnlyForDeploymentPostprocessing = 0;
		};
		BD44179B213F328C00F6DF90 /* Frameworks */ = {
			isa = PBXFrameworksBuildPhase;
			buildActionMask = 2147483647;
			files = (
			);
			runOnlyForDeploymentPostprocessing = 0;
		};
/* End PBXFrameworksBuildPhase section */

/* Begin PBXGroup section */
		BD441776213F328C00F6DF90 = {
			isa = PBXGroup;
			children = (
				BD441781213F328C00F6DF90 /* Tip Calculator */,
				BD441796213F328C00F6DF90 /* Tip CalculatorTests */,
				BD4417A1213F328C00F6DF90 /* Tip CalculatorUITests */,
				BD441780213F328C00F6DF90 /* Products */,
			);
			sourceTree = "<group>";
		};
		BD441780213F328C00F6DF90 /* Products */ = {
			isa = PBXGroup;
			children = (
				BD44177F213F328C00F6DF90 /* Tip Calculator.app */,
				BD441793213F328C00F6DF90 /* Tip CalculatorTests.xctest */,
				BD44179E213F328C00F6DF90 /* Tip CalculatorUITests.xctest */,
			);
			name = Products;
			sourceTree = "<group>";
		};
		BD441781213F328C00F6DF90 /* Tip Calculator */ = {
			isa = PBXGroup;
			children = (
				BD441782213F328C00F6DF90 /* AppDelegate.swift */,
				BD441784213F328C00F6DF90 /* ViewController.swift */,
				BD441786213F328C00F6DF90 /* Main.storyboard */,
				BD441789213F328C00F6DF90 /* Assets.xcassets */,
				BD44178B213F328C00F6DF90 /* LaunchScreen.storyboard */,
				BD44178E213F328C00F6DF90 /* Info.plist */,
			);
			path = "Tip Calculator";
			sourceTree = "<group>";
		};
		BD441796213F328C00F6DF90 /* Tip CalculatorTests */ = {
			isa = PBXGroup;
			children = (
				BD441797213F328C00F6DF90 /* Tip_CalculatorTests.swift */,
				BD441799213F328C00F6DF90 /* Info.plist */,
			);
			path = "Tip CalculatorTests";
			sourceTree = "<group>";
		};
		BD4417A1213F328C00F6DF90 /* Tip CalculatorUITests */ = {
			isa = PBXGroup;
			children = (
				BD4417A2213F328C00F6DF90 /* Tip_CalculatorUITests.swift */,
				BD4417A4213F328C00F6DF90 /* Info.plist */,
			);
			path = "Tip CalculatorUITests";
			sourceTree = "<group>";
		};
/* End PBXGroup section */

/* Begin PBXNativeTarget section */
		BD44177E213F328C00F6DF90 /* Tip Calculator */ = {
			isa = PBXNativeTarget;
			buildConfigurationList = BD4417A7213F328C00F6DF90 /* Build configuration list for PBXNativeTarget "Tip Calculator" */;
			buildPhases = (
				BD44177B213F328C00F6DF90 /* Sources */,
				BD44177C213F328C00F6DF90 /* Frameworks */,
				BD44177D213F328C00F6DF90 /* Resources */,
			);
			buildRules = (
			);
			dependencies = (
			);
			name = "Tip Calculator";
			productName = "Tip Calculator";
			productReference = BD44177F213F328C00F6DF90 /* Tip Calculator.app */;
			productType = "com.apple.product-type.application";
		};
		BD441792213F328C00F6DF90 /* Tip CalculatorTests */ = {
			isa = PBXNativeTarget;
			buildConfigurationList = BD4417AA213F328C00F6DF90 /* Build configuration list for PBXNativeTarget "Tip CalculatorTests" */;
			buildPhases = (
				BD44178F213F328C00F6DF90 /* Sources */,
				BD441790213F328C00F6DF90 /* Frameworks */,
				BD441791213F328C00F6DF90 /* Resources */,
			);
			buildRules = (
			);
			dependencies = (
				BD441795213F328C00F6DF90 /* PBXTargetDependency */,
			);
			name = "Tip CalculatorTests";
			productName = "Tip CalculatorTests";
			productReference = BD441793213F328C00F6DF90 /* Tip CalculatorTests.xctest */;
			productType = "com.apple.product-type.bundle.unit-test";
		};
		BD44179D213F328C00F6DF90 /* Tip CalculatorUITests */ = {
			isa = PBXNativeTarget;
			buildConfigurationList = BD4417AD213F328C00F6DF90 /* Build configuration list for PBXNativeTarget "Tip CalculatorUITests" */;
			buildPhases = (
				BD44179A213F328C00F6DF90 /* Sources */,
				BD44179B213F328C00F6DF90 /* Frameworks */,
				BD44179C213F328C00F6DF90 /* Resources */,
			);
			buildRules = (
			);
			dependencies = (
				BD4417A0213F328C00F6DF90 /* PBXTargetDependency */,
			);
			name = "Tip CalculatorUITests";
			productName = "Tip CalculatorUITests";
			productReference = BD44179E213F328C00F6DF90 /* Tip CalculatorUITests.xctest */;
			productType = "com.apple.product-type.bundle.ui-testing";
		};
/* End PBXNativeTarget section */

/* Begin PBXProject section */
		BD441777213F328C00F6DF90 /* Project object */ = {
			isa = PBXProject;
			attributes = {
				LastSwiftUpdateCheck = 0830;
				LastUpgradeCheck = 0830;
				ORGANIZATIONNAME = codepath;
				TargetAttributes = {
					BD44177E213F328C00F6DF90 = {
						CreatedOnToolsVersion = 8.3.3;
						ProvisioningStyle = Automatic;
					};
					BD441792213F328C00F6DF90 = {
						CreatedOnToolsVersion = 8.3.3;
						ProvisioningStyle = Automatic;
						TestTargetID = BD44177E213F328C00F6DF90;
					};
					BD44179D213F328C00F6DF90 = {
						CreatedOnToolsVersion = 8.3.3;
						ProvisioningStyle = Automatic;
						TestTargetID = BD44177E213F328C00F6DF90;
					};
				};
			};
			buildConfigurationList = BD44177A213F328C00F6DF90 /* Build configuration list for PBXProject "Tip Calculator" */;
			compatibilityVersion = "Xcode 3.2";
			developmentRegion = English;
			hasScannedForEncodings = 0;
			knownRegions = (
				en,
				Base,
			);
			mainGroup = BD441776213F328C00F6DF90;
			productRefGroup = BD441780213F328C00F6DF90 /* Products */;
			projectDirPath = "";
			projectRoot = "";
			targets = (
				BD44177E213F328C00F6DF90 /* Tip Calculator */,
				BD441792213F328C00F6DF90 /* Tip CalculatorTests */,
				BD44179D213F328C00F6DF90 /* Tip CalculatorUITests */,
			);
		};
/* End PBXProject section */

/* Begin PBXResourcesBuildPhase section */
		BD44177D213F328C00F6DF90 /* Resources */ = {
			isa = PBXResourcesBuildPhase;
			buildActionMask = 2147483647;
			files = (
				BD44178D213F328C00F6DF90 /* LaunchScreen.storyboard in Resources */,
				BD44178A213F328C00F6DF90 /* Assets.xcassets in Resources */,
				BD441788213F328C00F6DF90 /* Main.storyboard in Resources */,
			);
			runOnlyForDeploymentPostprocessing = 0;
		};
		BD441791213F328C00F6DF90 /* Resources */ = {
			isa = PBXResourcesBuildPhase;
			buildActionMask = 2147483647;
			files = (
			);
			runOnlyForDeploymentPostprocessing = 0;
		};
		BD44179C213F328C00F6DF90 /* Resources */ = {
			isa = PBXResourcesBuildPhase;
			buildActionMask = 2147483647;
			files = (
			);
			runOnlyForDeploymentPostprocessing = 0;
		};
/* End PBXResourcesBuildPhase section */

/* Begin PBXSourcesBuildPhase section */
		BD44177B213F328C00F6DF90 /* Sources */ = {
			isa = PBXSourcesBuildPhase;
			buildActionMask = 2147483647;
			files = (
				BD441785213F328C00F6DF90 /* ViewController.swift in Sources */,
				BD441783213F328C00F6DF90 /* AppDelegate.swift in Sources */,
			);
			runOnlyForDeploymentPostprocessing = 0;
		};
		BD44178F213F328C00F6DF90 /* Sources */ = {
			isa = PBXSourcesBuildPhase;
			buildActionMask = 2147483647;
			files = (
				BD441798213F328C00F6DF90 /* Tip_CalculatorTests.swift in Sources */,
			);
			runOnlyForDeploymentPostprocessing = 0;
		};
		BD44179A213F328C00F6DF90 /* Sources */ = {
			isa = PBXSourcesBuildPhase;
			buildActionMask = 2147483647;
			files = (
				BD4417A3213F328C00F6DF90 /* Tip_CalculatorUITests.swift in Sources */,
			);
			runOnlyForDeploymentPostprocessing = 0;
		};
/* End PBXSourcesBuildPhase section */

/* Begin PBXTargetDependency section */
		BD441795213F328C00F6DF90 /* PBXTargetDependency */ = {
			isa = PBXTargetDependency;
			target = BD44177E213F328C00F6DF90 /* Tip Calculator */;
			targetProxy = BD441794213F328C00F6DF90 /* PBXContainerItemProxy */;
		};
		BD4417A0213F328C00F6DF90 /* PBXTargetDependency */ = {
			isa = PBXTargetDependency;
			target = BD44177E213F328C00F6DF90 /* Tip Calculator */;
			targetProxy = BD44179F213F328C00F6DF90 /* PBXContainerItemProxy */;
		};
/* End PBXTargetDependency section */

/* Begin PBXVariantGroup section */
		BD441786213F328C00F6DF90 /* Main.storyboard */ = {
			isa = PBXVariantGroup;
			children = (
				BD441787213F328C00F6DF90 /* Base */,
			);
			name = Main.storyboard;
			sourceTree = "<group>";
		};
		BD44178B213F328C00F6DF90 /* LaunchScreen.storyboard */ = {
			isa = PBXVariantGroup;
			children = (
				BD44178C213F328C00F6DF90 /* Base */,
			);
			name = LaunchScreen.storyboard;
			sourceTree = "<group>";
		};
/* End PBXVariantGroup section */

/* Begin XCBuildConfiguration section */
		BD4417A5213F328C00F6DF90 /* Debug */ = {
			isa = XCBuildConfiguration;
			buildSettings = {
				ALWAYS_SEARCH_USER_PATHS = NO;
				CLANG_ANALYZER_NONNULL = YES;
				CLANG_ANALYZER_NUMBER_OBJECT_CONVERSION = YES_AGGRESSIVE;
				CLANG_CXX_LANGUAGE_STANDARD = "gnu++0x";
				CLANG_CXX_LIBRARY = "libc++";
				CLANG_ENABLE_MODULES = YES;
				CLANG_ENABLE_OBJC_ARC = YES;
				CLANG_WARN_BOOL_CONVERSION = YES;
				CLANG_WARN_CONSTANT_CONVERSION = YES;
				CLANG_WARN_DIRECT_OBJC_ISA_USAGE = YES_ERROR;
				CLANG_WARN_DOCUMENTATION_COMMENTS = YES;
				CLANG_WARN_EMPTY_BODY = YES;
				CLANG_WARN_ENUM_CONVERSION = YES;
				CLANG_WARN_INFINITE_RECURSION = YES;
				CLANG_WARN_INT_CONVERSION = YES;
				CLANG_WARN_OBJC_ROOT_CLASS = YES_ERROR;
				CLANG_WARN_SUSPICIOUS_MOVE = YES;
				CLANG_WARN_UNREACHABLE_CODE = YES;
				CLANG_WARN__DUPLICATE_METHOD_MATCH = YES;
				"CODE_SIGN_IDENTITY[sdk=iphoneos*]" = "iPhone Developer";
				COPY_PHASE_STRIP = NO;
				DEBUG_INFORMATION_FORMAT = dwarf;
				ENABLE_STRICT_OBJC_MSGSEND = YES;
				ENABLE_TESTABILITY = YES;
				GCC_C_LANGUAGE_STANDARD = gnu99;
				GCC_DYNAMIC_NO_PIC = NO;
				GCC_NO_COMMON_BLOCKS = YES;
				GCC_OPTIMIZATION_LEVEL = 0;
				GCC_PREPROCESSOR_DEFINITIONS = (
					"DEBUG=1",
					"$(inherited)",
				);
				GCC_WARN_64_TO_32_BIT_CONVERSION = YES;
				GCC_WARN_ABOUT_RETURN_TYPE = YES_ERROR;
				GCC_WARN_UNDECLARED_SELECTOR = YES;
				GCC_WARN_UNINITIALIZED_AUTOS = YES_AGGRESSIVE;
				GCC_WARN_UNUSED_FUNCTION = YES;
				GCC_WARN_UNUSED_VARIABLE = YES;
				IPHONEOS_DEPLOYMENT_TARGET = 10.3;
				MTL_ENABLE_DEBUG_INFO = YES;
				ONLY_ACTIVE_ARCH = YES;
				SDKROOT = iphoneos;
				SWIFT_ACTIVE_COMPILATION_CONDITIONS = DEBUG;
				SWIFT_OPTIMIZATION_LEVEL = "-Onone";
			};
			name = Debug;
		};
		BD4417A6213F328C00F6DF90 /* Release */ = {
			isa = XCBuildConfiguration;
			buildSettings = {
				ALWAYS_SEARCH_USER_PATHS = NO;
				CLANG_ANALYZER_NONNULL = YES;
				CLANG_ANALYZER_NUMBER_OBJECT_CONVERSION = YES_AGGRESSIVE;
				CLANG_CXX_LANGUAGE_STANDARD = "gnu++0x";
				CLANG_CXX_LIBRARY = "libc++";
				CLANG_ENABLE_MODULES = YES;
				CLANG_ENABLE_OBJC_ARC = YES;
				CLANG_WARN_BOOL_CONVERSION = YES;
				CLANG_WARN_CONSTANT_CONVERSION = YES;
				CLANG_WARN_DIRECT_OBJC_ISA_USAGE = YES_ERROR;
				CLANG_WARN_DOCUMENTATION_COMMENTS = YES;
				CLANG_WARN_EMPTY_BODY = YES;
				CLANG_WARN_ENUM_CONVERSION = YES;
				CLANG_WARN_INFINITE_RECURSION = YES;
				CLANG_WARN_INT_CONVERSION = YES;
				CLANG_WARN_OBJC_ROOT_CLASS = YES_ERROR;
				CLANG_WARN_SUSPICIOUS_MOVE = YES;
				CLANG_WARN_UNREACHABLE_CODE = YES;
				CLANG_WARN__DUPLICATE_METHOD_MATCH = YES;
				"CODE_SIGN_IDENTITY[sdk=iphoneos*]" = "iPhone Developer";
				COPY_PHASE_STRIP = NO;
				DEBUG_INFORMATION_FORMAT = "dwarf-with-dsym";
				ENABLE_NS_ASSERTIONS = NO;
				ENABLE_STRICT_OBJC_MSGSEND = YES;
				GCC_C_LANGUAGE_STANDARD = gnu99;
				GCC_NO_COMMON_BLOCKS = YES;
				GCC_WARN_64_TO_32_BIT_CONVERSION = YES;
				GCC_WARN_ABOUT_RETURN_TYPE = YES_ERROR;
				GCC_WARN_UNDECLARED_SELECTOR = YES;
				GCC_WARN_UNINITIALIZED_AUTOS = YES_AGGRESSIVE;
				GCC_WARN_UNUSED_FUNCTION = YES;
				GCC_WARN_UNUSED_VARIABLE = YES;
				IPHONEOS_DEPLOYMENT_TARGET = 10.3;
				MTL_ENABLE_DEBUG_INFO = NO;
				SDKROOT = iphoneos;
				SWIFT_OPTIMIZATION_LEVEL = "-Owholemodule";
				VALIDATE_PRODUCT = YES;
			};
			name = Release;
		};
		BD4417A8213F328C00F6DF90 /* Debug */ = {
			isa = XCBuildConfiguration;
			buildSettings = {
				ASSETCATALOG_COMPILER_APPICON_NAME = AppIcon;
				INFOPLIST_FILE = "Tip Calculator/Info.plist";
				LD_RUNPATH_SEARCH_PATHS = "$(inherited) @executable_path/Frameworks";
				PRODUCT_BUNDLE_IDENTIFIER = "com.codepath.Tip-Calculator";
				PRODUCT_NAME = "$(TARGET_NAME)";
				SWIFT_VERSION = 3.0;
			};
			name = Debug;
		};
		BD4417A9213F328C00F6DF90 /* Release */ = {
			isa = XCBuildConfiguration;
			buildSettings = {
				ASSETCATALOG_COMPILER_APPICON_NAME = AppIcon;
				INFOPLIST_FILE = "Tip Calculator/Info.plist";
				LD_RUNPATH_SEARCH_PATHS = "$(inherited) @executable_path/Frameworks";
				PRODUCT_BUNDLE_IDENTIFIER = "com.codepath.Tip-Calculator";
				PRODUCT_NAME = "$(TARGET_NAME)";
				SWIFT_VERSION = 3.0;
			};
			name = Release;
		};
		BD4417AB213F328C00F6DF90 /* Debug */ = {
			isa = XCBuildConfiguration;
			buildSettings = {
				ALWAYS_EMBED_SWIFT_STANDARD_LIBRARIES = YES;
				BUNDLE_LOADER = "$(TEST_HOST)";
				INFOPLIST_FILE = "Tip CalculatorTests/Info.plist";
				LD_RUNPATH_SEARCH_PATHS = "$(inherited) @executable_path/Frameworks @loader_path/Frameworks";
				PRODUCT_BUNDLE_IDENTIFIER = "com.codepath.Tip-CalculatorTests";
				PRODUCT_NAME = "$(TARGET_NAME)";
				SWIFT_VERSION = 3.0;
				TEST_HOST = "$(BUILT_PRODUCTS_DIR)/Tip Calculator.app/Tip Calculator";
			};
			name = Debug;
		};
		BD4417AC213F328C00F6DF90 /* Release */ = {
			isa = XCBuildConfiguration;
			buildSettings = {
				ALWAYS_EMBED_SWIFT_STANDARD_LIBRARIES = YES;
				BUNDLE_LOADER = "$(TEST_HOST)";
				INFOPLIST_FILE = "Tip CalculatorTests/Info.plist";
				LD_RUNPATH_SEARCH_PATHS = "$(inherited) @executable_path/Frameworks @loader_path/Frameworks";
				PRODUCT_BUNDLE_IDENTIFIER = "com.codepath.Tip-CalculatorTests";
				PRODUCT_NAME = "$(TARGET_NAME)";
				SWIFT_VERSION = 3.0;
				TEST_HOST = "$(BUILT_PRODUCTS_DIR)/Tip Calculator.app/Tip Calculator";
			};
			name = Release;
		};
		BD4417AE213F328C00F6DF90 /* Debug */ = {
			isa = XCBuildConfiguration;
			buildSettings = {
				ALWAYS_EMBED_SWIFT_STANDARD_LIBRARIES = YES;
				INFOPLIST_FILE = "Tip CalculatorUITests/Info.plist";
				LD_RUNPATH_SEARCH_PATHS = "$(inherited) @executable_path/Frameworks @loader_path/Frameworks";
				PRODUCT_BUNDLE_IDENTIFIER = "com.codepath.Tip-CalculatorUITests";
				PRODUCT_NAME = "$(TARGET_NAME)";
				SWIFT_VERSION = 3.0;
				TEST_TARGET_NAME = "Tip Calculator";
			};
			name = Debug;
		};
		BD4417AF213F328C00F6DF90 /* Release */ = {
			isa = XCBuildConfiguration;
			buildSettings = {
				ALWAYS_EMBED_SWIFT_STANDARD_LIBRARIES = YES;
				INFOPLIST_FILE = "Tip CalculatorUITests/Info.plist";
				LD_RUNPATH_SEARCH_PATHS = "$(inherited) @executable_path/Frameworks @loader_path/Frameworks";
				PRODUCT_BUNDLE_IDENTIFIER = "com.codepath.Tip-CalculatorUITests";
				PRODUCT_NAME = "$(TARGET_NAME)";
				SWIFT_VERSION = 3.0;
				TEST_TARGET_NAME = "Tip Calculator";
			};
			name = Release;
		};
/* End XCBuildConfiguration section */

/* Begin XCConfigurationList section */
		BD44177A213F328C00F6DF90 /* Build configuration list for PBXProject "Tip Calculator" */ = {
			isa = XCConfigurationList;
			buildConfigurations = (
				BD4417A5213F328C00F6DF90 /* Debug */,
				BD4417A6213F328C00F6DF90 /* Release */,
			);
			defaultConfigurationIsVisible = 0;
			defaultConfigurationName = Release;
		};
		BD4417A7213F328C00F6DF90 /* Build configuration list for PBXNativeTarget "Tip Calculator" */ = {
			isa = XCConfigurationList;
			buildConfigurations = (
				BD4417A8213F328C00F6DF90 /* Debug */,
				BD4417A9213F328C00F6DF90 /* Release */,
			);
			defaultConfigurationIsVisible = 0;
		};
		BD4417AA213F328C00F6DF90 /* Build configuration list for PBXNativeTarget "Tip CalculatorTests" */ = {
			isa = XCConfigurationList;
			buildConfigurations = (
				BD4417AB213F328C00F6DF90 /* Debug */,
				BD4417AC213F328C00F6DF90 /* Release */,
			);
			defaultConfigurationIsVisible = 0;
		};
		BD4417AD213F328C00F6DF90 /* Build configuration list for PBXNativeTarget "Tip CalculatorUITests" */ = {
			isa = XCConfigurationList;
			buildConfigurations = (
				BD4417AE213F328C00F6DF90 /* Debug */,
				BD4417AF213F328C00F6DF90 /* Release */,
			);
			defaultConfigurationIsVisible = 0;
		};
/* End XCConfigurationList section */
	};
	rootObject = BD441777213F328C00F6DF90 /* Project object */;
}
